github.com/hugomods/encrypt v0.4.0 h1:oDZ63Z0qvQRzMLQvGETXGZOaWvWbHR1GzC3CDsQ0gPQ=
github.com/hugomods/encrypt v0.4.0/go.mod h1:negeZEtF4MhMBwHY0BvCueVwJbgxXzamDXaIWcLHyZM=
github.com/hugomods/icons v0.6.4/go.mod h1:cIkSvK6W0q6N4U6n9KGz+QfRWQXAW0INd+1P31gPNGg=
github.com/hugomods/icons/vendors/bootstrap v0.5.7/go.mod h1:bTxiIPJ/idHEc35EtvtwSODLpjI+R54BkGdikO3gCmY=
github.com/hugomods/snackbar v0.1.2/go.mod h1:ykFm0IFibeQPuPAm8Gaa27xJS/bNZcSez4omVSl2gQ0=
github.com/twbs/icons v1.11.3/go.mod h1:GnRlymgVWp5iVJCMa0Me5b6tFyGpVc2bSxPMRGIJmyA=
